
Microsoft Visual Studio Solution File, Format Version 12.00
# Visual Studio Version 17
VisualStudioVersion = 17.9.34902.65
MinimumVisualStudioVersion = 10.0.40219.1
Project("{9A19103F-16F7-4668-BE54-9A1E7A4F7556}") = "HelloKube", "HelloKube\HelloKube.csproj", "{1583E944-C218-4643-9CFE-93A15964AD79}"
EndProject
Project("{FAE04EC0-301F-11D3-BF4B-00C04F79EFBC}") = "HelloKube.Api", "HelloKube.Api\HelloKube.Api.csproj", "{487B7552-7BA2-4E57-A831-8A18F5A4664F}"
EndProject
Global
	GlobalSection(SolutionConfigurationPlatforms) = preSolution
		Debug|Any CPU = Debug|Any CPU
		Release|Any CPU = Release|Any CPU
	EndGlobalSection
	GlobalSection(ProjectConfigurationPlatforms) = postSolution
		{1583E944-C218-4643-9CFE-93A15964AD79}.Debug|Any CPU.ActiveCfg = Debug|Any CPU
		{1583E944-C218-4643-9CFE-93A15964AD79}.Debug|Any CPU.Build.0 = Debug|Any CPU
		{1583E944-C218-4643-9CFE-93A15964AD79}.Release|Any CPU.ActiveCfg = Release|Any CPU
		{1583E944-C218-4643-9CFE-93A15964AD79}.Release|Any CPU.Build.0 = Release|Any CPU
		{487B7552-7BA2-4E57-A831-8A18F5A4664F}.Debug|Any CPU.ActiveCfg = Debug|Any CPU
		{487B7552-7BA2-4E57-A831-8A18F5A4664F}.Debug|Any CPU.Build.0 = Debug|Any CPU
		{487B7552-7BA2-4E57-A831-8A18F5A4664F}.Release|Any CPU.ActiveCfg = Release|Any CPU
		{487B7552-7BA2-4E57-A831-8A18F5A4664F}.Release|Any CPU.Build.0 = Release|Any CPU
	EndGlobalSection
	GlobalSection(SolutionProperties) = preSolution
		HideSolutionNode = FALSE
	EndGlobalSection
	GlobalSection(ExtensibilityGlobals) = postSolution
		SolutionGuid = {B37F64DA-D6C9-432A-BCAE-FDFF191FBC14}
	EndGlobalSection
EndGlobal
